// !$*UTF8*$!
{
	archiveVersion = 1;
	classes = {
	};
	objectVersion = 56;
	objects = {

/* Begin PBXBuildFile section */
		8A260F7D2AB7E002003B4D69 /* AppDelegate.swift in Sources */ = {isa = PBXBuildFile; fileRef = 8A260F7C2AB7E002003B4D69 /* AppDelegate.swift */; };
		8A260F7F2AB7E002003B4D69 /* SceneDelegate.swift in Sources */ = {isa = PBXBuildFile; fileRef = 8A260F7E2AB7E002003B4D69 /* SceneDelegate.swift */; };
		8A260F812AB7E002003B4D69 /* ViewController.swift in Sources */ = {isa = PBXBuildFile; fileRef = 8A260F802AB7E002003B4D69 /* ViewController.swift */; };
		8A260F842AB7E002003B4D69 /* Main.storyboard in Resources */ = {isa = PBXBuildFile; fileRef = 8A260F822AB7E002003B4D69 /* Main.storyboard */; };
		8A260F872AB7E002003B4D69 /* LocationExample.xcdatamodeld in Sources */ = {isa = PBXBuildFile; fileRef = 8A260F852AB7E002003B4D69 /* LocationExample.xcdatamodeld */; };
		8A260F892AB7E003003B4D69 /* Assets.xcassets in Resources */ = {isa = PBXBuildFile; fileRef = 8A260F882AB7E003003B4D69 /* Assets.xcassets */; };
		8A260F8C2AB7E003003B4D69 /* LaunchScreen.storyboard in Resources */ = {isa = PBXBuildFile; fileRef = 8A260F8A2AB7E003003B4D69 /* LaunchScreen.storyboard */; };
		8A5CC3BC2AB9295400F1FA31 /* home-button.png in Resources */ = {isa = PBXBuildFile; fileRef = 8A5CC3BB2AB9295400F1FA31 /* home-button.png */; };
		8A5CC3BE2AB92C5E00F1FA31 /* pasta.png in Resources */ = {isa = PBXBuildFile; fileRef = 8A5CC3BD2AB92C5E00F1FA31 /* pasta.png */; };
		8A5CC3C02AB92F1100F1FA31 /* icon_scooter.png in Resources */ = {isa = PBXBuildFile; fileRef = 8A5CC3BF2AB92F1100F1FA31 /* icon_scooter.png */; };
/* End PBXBuildFile section */

/* Begin PBXFileReference section */
		8A260F792AB7E002003B4D69 /* LocationExample.app */ = {isa = PBXFileReference; explicitFileType = wrapper.application; includeInIndex = 0; path = LocationExample.app; sourceTree = BUILT_PRODUCTS_DIR; };
		8A260F7C2AB7E002003B4D69 /* AppDelegate.swift */ = {isa = PBXFileReference; lastKnownFileType = sourcecode.swift; path = AppDelegate.swift; sourceTree = "<group>"; };
		8A260F7E2AB7E002003B4D69 /* SceneDelegate.swift */ = {isa = PBXFileReference; lastKnownFileType = sourcecode.swift; path = SceneDelegate.swift; sourceTree = "<group>"; };
		8A260F802AB7E002003B4D69 /* ViewController.swift */ = {isa = PBXFileReference; lastKnownFileType = sourcecode.swift; path = ViewController.swift; sourceTree = "<group>"; };
		8A260F832AB7E002003B4D69 /* Base */ = {isa = PBXFileReference; lastKnownFileType = file.storyboard; name = Base; path = Base.lproj/Main.storyboard; sourceTree = "<group>"; };
		8A260F862AB7E002003B4D69 /* LocationExample.xcdatamodel */ = {isa = PBXFileReference; lastKnownFileType = wrapper.xcdatamodel; path = LocationExample.xcdatamodel; sourceTree = "<group>"; };
		8A260F882AB7E003003B4D69 /* Assets.xcassets */ = {isa = PBXFileReference; lastKnownFileType = folder.assetcatalog; path = Assets.xcassets; sourceTree = "<group>"; };
		8A260F8B2AB7E003003B4D69 /* Base */ = {isa = PBXFileReference; lastKnownFileType = file.storyboard; name = Base; path = Base.lproj/LaunchScreen.storyboard; sourceTree = "<group>"; };
		8A260F8D2AB7E003003B4D69 /* Info.plist */ = {isa = PBXFileReference; lastKnownFileType = text.plist.xml; path = Info.plist; sourceTree = "<group>"; };
		8A5CC3BB2AB9295400F1FA31 /* home-button.png */ = {isa = PBXFileReference; lastKnownFileType = image.png; path = "home-button.png"; sourceTree = "<group>"; };
		8A5CC3BD2AB92C5E00F1FA31 /* pasta.png */ = {isa = PBXFileReference; lastKnownFileType = image.png; path = pasta.png; sourceTree = "<group>"; };
		8A5CC3BF2AB92F1100F1FA31 /* icon_scooter.png */ = {isa = PBXFileReference; lastKnownFileType = image.png; path = icon_scooter.png; sourceTree = "<group>"; };
/* End PBXFileReference section */

/* Begin PBXFrameworksBuildPhase section */
		8A260F762AB7E002003B4D69 /* Frameworks */ = {
			isa = PBXFrameworksBuildPhase;
			buildActionMask = 2147483647;
			files = (
			);
			runOnlyForDeploymentPostprocessing = 0;
		};
/* End PBXFrameworksBuildPhase section */

/* Begin PBXGroup section */
		8A260F702AB7E002003B4D69 = {
			isa = PBXGroup;
			children = (
				8A260F7B2AB7E002003B4D69 /* LocationExample */,
				8A260F7A2AB7E002003B4D69 /* Products */,
			);
			sourceTree = "<group>";
		};
		8A260F7A2AB7E002003B4D69 /* Products */ = {
			isa = PBXGroup;
			children = (
				8A260F792AB7E002003B4D69 /* LocationExample.app */,
			);
			name = Products;
			sourceTree = "<group>";
		};
		8A260F7B2AB7E002003B4D69 /* LocationExample */ = {
			isa = PBXGroup;
			children = (
				8A260F7C2AB7E002003B4D69 /* AppDelegate.swift */,
				8A260F7E2AB7E002003B4D69 /* SceneDelegate.swift */,
				8A5CC3BF2AB92F1100F1FA31 /* icon_scooter.png */,
				8A260F802AB7E002003B4D69 /* ViewController.swift */,
				8A5CC3BD2AB92C5E00F1FA31 /* pasta.png */,
				8A260F822AB7E002003B4D69 /* Main.storyboard */,
				8A5CC3BB2AB9295400F1FA31 /* home-button.png */,
				8A260F882AB7E003003B4D69 /* Assets.xcassets */,
				8A260F8A2AB7E003003B4D69 /* LaunchScreen.storyboard */,
				8A260F8D2AB7E003003B4D69 /* Info.plist */,
				8A260F852AB7E002003B4D69 /* LocationExample.xcdatamodeld */,
			);
			path = LocationExample;
			sourceTree = "<group>";
		};
/* End PBXGroup section */

/* Begin PBXNativeTarget section */
		8A260F782AB7E002003B4D69 /* LocationExample */ = {
			isa = PBXNativeTarget;
			buildConfigurationList = 8A260F902AB7E003003B4D69 /* Build configuration list for PBXNativeTarget "LocationExample" */;
			buildPhases = (
				8A260F752AB7E002003B4D69 /* Sources */,
				8A260F762AB7E002003B4D69 /* Frameworks */,
				8A260F772AB7E002003B4D69 /* Resources */,
			);
			buildRules = (
			);
			dependencies = (
			);
			name = LocationExample;
			productName = LocationExample;
			productReference = 8A260F792AB7E002003B4D69 /* LocationExample.app */;
			productType = "com.apple.product-type.application";
		};
/* End PBXNativeTarget section */

/* Begin PBXProject section */
		8A260F712AB7E002003B4D69 /* Project object */ = {
			isa = PBXProject;
			attributes = {
				BuildIndependentTargetsInParallel = 1;
				LastSwiftUpdateCheck = 1430;
				LastUpgradeCheck = 1430;
				TargetAttributes = {
					8A260F782AB7E002003B4D69 = {
						CreatedOnToolsVersion = 14.3.1;
					};
				};
			};
			buildConfigurationList = 8A260F742AB7E002003B4D69 /* Build configuration list for PBXProject "LocationExample" */;
			compatibilityVersion = "Xcode 14.0";
			developmentRegion = en;
			hasScannedForEncodings = 0;
			knownRegions = (
				en,
				Base,
			);
			mainGroup = 8A260F702AB7E002003B4D69;
			productRefGroup = 8A260F7A2AB7E002003B4D69 /* Products */;
			projectDirPath = "";
			projectRoot = "";
			targets = (
				8A260F782AB7E002003B4D69 /* LocationExample */,
			);
		};
/* End PBXProject section */

/* Begin PBXResourcesBuildPhase section */
		8A260F772AB7E002003B4D69 /* Resources */ = {
			isa = PBXResourcesBuildPhase;
			buildActionMask = 2147483647;
			files = (
				8A5CC3C02AB92F1100F1FA31 /* icon_scooter.png in Resources */,
				8A5CC3BE2AB92C5E00F1FA31 /* pasta.png in Resources */,
				8A5CC3BC2AB9295400F1FA31 /* home-button.png in Resources */,
				8A260F8C2AB7E003003B4D69 /* LaunchScreen.storyboard in Resources */,
				8A260F892AB7E003003B4D69 /* Assets.xcassets in Resources */,
				8A260F842AB7E002003B4D69 /* Main.storyboard in Resources */,
			);
			runOnlyForDeploymentPostprocessing = 0;
		};
/* End PBXResourcesBuildPhase section */

/* Begin PBXSourcesBuildPhase section */
		8A260F752AB7E002003B4D69 /* Sources */ = {
			isa = PBXSourcesBuildPhase;
			buildActionMask = 2147483647;
			files = (
				8A260F812AB7E002003B4D69 /* ViewController.swift in Sources */,
				8A260F872AB7E002003B4D69 /* LocationExample.xcdatamodeld in Sources */,
				8A260F7D2AB7E002003B4D69 /* AppDelegate.swift in Sources */,
				8A260F7F2AB7E002003B4D69 /* SceneDelegate.swift in Sources */,
			);
			runOnlyForDeploymentPostprocessing = 0;
		};
/* End PBXSourcesBuildPhase section */

/* Begin PBXVariantGroup section */
		8A260F822AB7E002003B4D69 /* Main.storyboard */ = {
			isa = PBXVariantGroup;
			children = (
				8A260F832AB7E002003B4D69 /* Base */,
			);
			name = Main.storyboard;
			sourceTree = "<group>";
		};
		8A260F8A2AB7E003003B4D69 /* LaunchScreen.storyboard */ = {
			isa = PBXVariantGroup;
			children = (
				8A260F8B2AB7E003003B4D69 /* Base */,
			);
			name = LaunchScreen.storyboard;
			sourceTree = "<group>";
		};
/* End PBXVariantGroup section */

/* Begin XCBuildConfiguration section */
		8A260F8E2AB7E003003B4D69 /* Debug */ = {
			isa = XCBuildConfiguration;
			buildSettings = {
				ALWAYS_SEARCH_USER_PATHS = NO;
				CLANG_ANALYZER_NONNULL = YES;
				CLANG_ANALYZER_NUMBER_OBJECT_CONVERSION = YES_AGGRESSIVE;
				CLANG_CXX_LANGUAGE_STANDARD = "gnu++20";
				CLANG_ENABLE_MODULES = YES;
				CLANG_ENABLE_OBJC_ARC = YES;
				CLANG_ENABLE_OBJC_WEAK = YES;
				CLANG_WARN_BLOCK_CAPTURE_AUTORELEASING = YES;
				CLANG_WARN_BOOL_CONVERSION = YES;
				CLANG_WARN_COMMA = YES;
				CLANG_WARN_CONSTANT_CONVERSION = YES;
				CLANG_WARN_DEPRECATED_OBJC_IMPLEMENTATIONS = YES;
				CLANG_WARN_DIRECT_OBJC_ISA_USAGE = YES_ERROR;
				CLANG_WARN_DOCUMENTATION_COMMENTS = YES;
				CLANG_WARN_EMPTY_BODY = YES;
				CLANG_WARN_ENUM_CONVERSION = YES;
				CLANG_WARN_INFINITE_RECURSION = YES;
				CLANG_WARN_INT_CONVERSION = YES;
				CLANG_WARN_NON_LITERAL_NULL_CONVERSION = YES;
				CLANG_WARN_OBJC_IMPLICIT_RETAIN_SELF = YES;
				CLANG_WARN_OBJC_LITERAL_CONVERSION = YES;
				CLANG_WARN_OBJC_ROOT_CLASS = YES_ERROR;
				CLANG_WARN_QUOTED_INCLUDE_IN_FRAMEWORK_HEADER = YES;
				CLANG_WARN_RANGE_LOOP_ANALYSIS = YES;
				CLANG_WARN_STRICT_PROTOTYPES = YES;
				CLANG_WARN_SUSPICIOUS_MOVE = YES;
				CLANG_WARN_UNGUARDED_AVAILABILITY = YES_AGGRESSIVE;
				CLANG_WARN_UNREACHABLE_CODE = YES;
				CLANG_WARN__DUPLICATE_METHOD_MATCH = YES;
				COPY_PHASE_STRIP = NO;
				DEBUG_INFORMATION_FORMAT = dwarf;
				ENABLE_STRICT_OBJC_MSGSEND = YES;
				ENABLE_TESTABILITY = YES;
				GCC_C_LANGUAGE_STANDARD = gnu11;
				GCC_DYNAMIC_NO_PIC = NO;
				GCC_NO_COMMON_BLOCKS = YES;
				GCC_OPTIMIZATION_LEVEL = 0;
				GCC_PREPROCESSOR_DEFINITIONS = (
					"DEBUG=1",
					"$(inherited)",
				);
				GCC_WARN_64_TO_32_BIT_CONVERSION = YES;
				GCC_WARN_ABOUT_RETURN_TYPE = YES_ERROR;
				GCC_WARN_UNDECLARED_SELECTOR = YES;
				GCC_WARN_UNINITIALIZED_AUTOS = YES_AGGRESSIVE;
				GCC_WARN_UNUSED_FUNCTION = YES;
				GCC_WARN_UNUSED_VARIABLE = YES;
				IPHONEOS_DEPLOYMENT_TARGET = 16.4;
				MTL_ENABLE_DEBUG_INFO = INCLUDE_SOURCE;
				MTL_FAST_MATH = YES;
				ONLY_ACTIVE_ARCH = YES;
				SDKROOT = iphoneos;
				SWIFT_ACTIVE_COMPILATION_CONDITIONS = DEBUG;
				SWIFT_OPTIMIZATION_LEVEL = "-Onone";
			};
			name = Debug;
		};
		8A260F8F2AB7E003003B4D69 /* Release */ = {
			isa = XCBuildConfiguration;
			buildSettings = {
				ALWAYS_SEARCH_USER_PATHS = NO;
				CLANG_ANALYZER_NONNULL = YES;
				CLANG_ANALYZER_NUMBER_OBJECT_CONVERSION = YES_AGGRESSIVE;
				CLANG_CXX_LANGUAGE_STANDARD = "gnu++20";
				CLANG_ENABLE_MODULES = YES;
				CLANG_ENABLE_OBJC_ARC = YES;
				CLANG_ENABLE_OBJC_WEAK = YES;
				CLANG_WARN_BLOCK_CAPTURE_AUTORELEASING = YES;
				CLANG_WARN_BOOL_CONVERSION = YES;
				CLANG_WARN_COMMA = YES;
				CLANG_WARN_CONSTANT_CONVERSION = YES;
				CLANG_WARN_DEPRECATED_OBJC_IMPLEMENTATIONS = YES;
				CLANG_WARN_DIRECT_OBJC_ISA_USAGE = YES_ERROR;
				CLANG_WARN_DOCUMENTATION_COMMENTS = YES;
				CLANG_WARN_EMPTY_BODY = YES;
				CLANG_WARN_ENUM_CONVERSION = YES;
				CLANG_WARN_INFINITE_RECURSION = YES;
				CLANG_WARN_INT_CONVERSION = YES;
				CLANG_WARN_NON_LITERAL_NULL_CONVERSION = YES;
				CLANG_WARN_OBJC_IMPLICIT_RETAIN_SELF = YES;
				CLANG_WARN_OBJC_LITERAL_CONVERSION = YES;
				CLANG_WARN_OBJC_ROOT_CLASS = YES_ERROR;
				CLANG_WARN_QUOTED_INCLUDE_IN_FRAMEWORK_HEADER = YES;
				CLANG_WARN_RANGE_LOOP_ANALYSIS = YES;
				CLANG_WARN_STRICT_PROTOTYPES = YES;
				CLANG_WARN_SUSPICIOUS_MOVE = YES;
				CLANG_WARN_UNGUARDED_AVAILABILITY = YES_AGGRESSIVE;
				CLANG_WARN_UNREACHABLE_CODE = YES;
				CLANG_WARN__DUPLICATE_METHOD_MATCH = YES;
				COPY_PHASE_STRIP = NO;
				DEBUG_INFORMATION_FORMAT = "dwarf-with-dsym";
				ENABLE_NS_ASSERTIONS = NO;
				ENABLE_STRICT_OBJC_MSGSEND = YES;
				GCC_C_LANGUAGE_STANDARD = gnu11;
				GCC_NO_COMMON_BLOCKS = YES;
				GCC_WARN_64_TO_32_BIT_CONVERSION = YES;
				GCC_WARN_ABOUT_RETURN_TYPE = YES_ERROR;
				GCC_WARN_UNDECLARED_SELECTOR = YES;
				GCC_WARN_UNINITIALIZED_AUTOS = YES_AGGRESSIVE;
				GCC_WARN_UNUSED_FUNCTION = YES;
				GCC_WARN_UNUSED_VARIABLE = YES;
				IPHONEOS_DEPLOYMENT_TARGET = 16.4;
				MTL_ENABLE_DEBUG_INFO = NO;
				MTL_FAST_MATH = YES;
				SDKROOT = iphoneos;
				SWIFT_COMPILATION_MODE = wholemodule;
				SWIFT_OPTIMIZATION_LEVEL = "-O";
				VALIDATE_PRODUCT = YES;
			};
			name = Release;
		};
		8A260F912AB7E003003B4D69 /* Debug */ = {
			isa = XCBuildConfiguration;
			buildSettings = {
				ASSETCATALOG_COMPILER_APPICON_NAME = AppIcon;
				ASSETCATALOG_COMPILER_GLOBAL_ACCENT_COLOR_NAME = AccentColor;
				CODE_SIGN_STYLE = Automatic;
				CURRENT_PROJECT_VERSION = 1;
				DEVELOPMENT_TEAM = CSGB2YTDTK;
				GENERATE_INFOPLIST_FILE = YES;
				INFOPLIST_FILE = LocationExample/Info.plist;
				INFOPLIST_KEY_NSLocationWhenInUseUsageDescription = "t ofetch the required coordinates";
				INFOPLIST_KEY_UIApplicationSupportsIndirectInputEvents = YES;
				INFOPLIST_KEY_UILaunchStoryboardName = LaunchScreen;
				INFOPLIST_KEY_UIMainStoryboardFile = Main;
				INFOPLIST_KEY_UISupportedInterfaceOrientations_iPad = "UIInterfaceOrientationPortrait UIInterfaceOrientationPortraitUpsideDown UIInterfaceOrientationLandscapeLeft UIInterfaceOrientationLandscapeRight";
				INFOPLIST_KEY_UISupportedInterfaceOrientations_iPhone = "UIInterfaceOrientationPortrait UIInterfaceOrientationLandscapeLeft UIInterfaceOrientationLandscapeRight";
				LD_RUNPATH_SEARCH_PATHS = (
					"$(inherited)",
					"@executable_path/Frameworks",
				);
				MARKETING_VERSION = 1.0;
				PRODUCT_BUNDLE_IDENTIFIER = com.puthugai.LocationExample;
				PRODUCT_NAME = "$(TARGET_NAME)";
				SWIFT_EMIT_LOC_STRINGS = YES;
				SWIFT_VERSION = 5.0;
				TARGETED_DEVICE_FAMILY = "1,2";
			};
			name = Debug;
		};
		8A260F922AB7E003003B4D69 /* Release */ = {
			isa = XCBuildConfiguration;
			buildSettings = {
				ASSETCATALOG_COMPILER_APPICON_NAME = AppIcon;
				ASSETCATALOG_COMPILER_GLOBAL_ACCENT_COLOR_NAME = AccentColor;
				CODE_SIGN_STYLE = Automatic;
				CURRENT_PROJECT_VERSION = 1;
				DEVELOPMENT_TEAM = CSGB2YTDTK;
				GENERATE_INFOPLIST_FILE = YES;
				INFOPLIST_FILE = LocationExample/Info.plist;
				INFOPLIST_KEY_NSLocationWhenInUseUsageDescription = "t ofetch the required coordinates";
				INFOPLIST_KEY_UIApplicationSupportsIndirectInputEvents = YES;
				INFOPLIST_KEY_UILaunchStoryboardName = LaunchScreen;
				INFOPLIST_KEY_UIMainStoryboardFile = Main;
				INFOPLIST_KEY_UISupportedInterfaceOrientations_iPad = "UIInterfaceOrientationPortrait UIInterfaceOrientationPortraitUpsideDown UIInterfaceOrientationLandscapeLeft UIInterfaceOrientationLandscapeRight";
				INFOPLIST_KEY_UISupportedInterfaceOrientations_iPhone = "UIInterfaceOrientationPortrait UIInterfaceOrientationLandscapeLeft UIInterfaceOrientationLandscapeRight";
				LD_RUNPATH_SEARCH_PATHS = (
					"$(inherited)",
					"@executable_path/Frameworks",
				);
				MARKETING_VERSION = 1.0;
				PRODUCT_BUNDLE_IDENTIFIER = com.puthugai.LocationExample;
				PRODUCT_NAME = "$(TARGET_NAME)";
				SWIFT_EMIT_LOC_STRINGS = YES;
				SWIFT_VERSION = 5.0;
				TARGETED_DEVICE_FAMILY = "1,2";
			};
			name = Release;
		};
/* End XCBuildConfiguration section */

/* Begin XCConfigurationList section */
		8A260F742AB7E002003B4D69 /* Build configuration list for PBXProject "LocationExample" */ = {
			isa = XCConfigurationList;
			buildConfigurations = (
				8A260F8E2AB7E003003B4D69 /* Debug */,
				8A260F8F2AB7E003003B4D69 /* Release */,
			);
			defaultConfigurationIsVisible = 0;
			defaultConfigurationName = Release;
		};
		8A260F902AB7E003003B4D69 /* Build configuration list for PBXNativeTarget "LocationExample" */ = {
			isa = XCConfigurationList;
			buildConfigurations = (
				8A260F912AB7E003003B4D69 /* Debug */,
				8A260F922AB7E003003B4D69 /* Release */,
			);
			defaultConfigurationIsVisible = 0;
			defaultConfigurationName = Release;
		};
/* End XCConfigurationList section */

/* Begin XCVersionGroup section */
		8A260F852AB7E002003B4D69 /* LocationExample.xcdatamodeld */ = {
			isa = XCVersionGroup;
			children = (
				8A260F862AB7E002003B4D69 /* LocationExample.xcdatamodel */,
			);
			currentVersion = 8A260F862AB7E002003B4D69 /* LocationExample.xcdatamodel */;
			path = LocationExample.xcdatamodeld;
			sourceTree = "<group>";
			versionGroupType = wrapper.xcdatamodel;
		};
/* End XCVersionGroup section */
	};
	rootObject = 8A260F712AB7E002003B4D69 /* Project object */;
}
